
Microsoft Visual Studio Solution File, Format Version 12.00
# Visual Studio Version 17
VisualStudioVersion = 17.1.32210.238
MinimumVisualStudioVersion = 10.0.40219.1
Project("{FAE04EC0-301F-11D3-BF4B-00C04F79EFBC}") = "網路程式設計 w3-1", "網路程式設計 w3-1\網路程式設計 w3-1.csproj", "{A451C664-9C4E-48CB-91DC-39E35D9CFEED}"
EndProject
Global
	GlobalSection(SolutionConfigurationPlatforms) = preSolution
		Debug|Any CPU = Debug|Any CPU
		Release|Any CPU = Release|Any CPU
	EndGlobalSection
	GlobalSection(ProjectConfigurationPlatforms) = postSolution
		{A451C664-9C4E-48CB-91DC-39E35D9CFEED}.Debug|Any CPU.ActiveCfg = Debug|Any CPU
		{A451C664-9C4E-48CB-91DC-39E35D9CFEED}.Debug|Any CPU.Build.0 = Debug|Any CPU
		{A451C664-9C4E-48CB-91DC-39E35D9CFEED}.Release|Any CPU.ActiveCfg = Release|Any CPU
		{A451C664-9C4E-48CB-91DC-39E35D9CFEED}.Release|Any CPU.Build.0 = Release|Any CPU
	EndGlobalSection
	GlobalSection(SolutionProperties) = preSolution
		HideSolutionNode = FALSE
	EndGlobalSection
	GlobalSection(ExtensibilityGlobals) = postSolution
		SolutionGuid = {B18DCFFD-B755-4AF3-878A-727E90831241}
	EndGlobalSection
EndGlobal
